<Solution>
  <Folder Name="/README/">
    <File Path="LICENSE" />
    <File Path="README.md" />
    <File Path="RELEASE-NOTES.txt" />
    <File Path="VersionInfo.props" />
  </Folder>
  <Project Path="UserSecretsExtension/UserSecretsExtension.csproj" />
  <Project Path="UserSecretsExtension.Test/UserSecretsExtension.Test.csproj" />
</Solution>
